{
  "name": "sunrisewestport",
  "version": "1.0.0",
  "lockfileVersion": 1,
  "requires": true,
  "dependencies": {
    "async": {
      "version": "1.5.2",
      "resolved": "http://registry.npmjs.org/async/-/async-1.5.2.tgz",
      "integrity": "sha1-7GphrlZIDAw8skHJVhjiCJL5Zyo="
    },
    "colors": {
      "version": "1.0.3",
      "resolved": "https://registry.npmjs.org/colors/-/colors-1.0.3.tgz",
      "integrity": "sha1-BDP0TYCWgP3rYO0mDxsMJi6CpAs="
    },
    "core-util-is": {
      "version": "1.0.2",
      "resolved": "https://registry.npmjs.org/core-util-is/-/core-util-is-1.0.2.tgz",
      "integrity": "sha1-tf1UIgqivFq1eqtxQMlAdUUDwac="
    },
    "corser": {
      "version": "2.0.1",
      "resolved": "https://registry.npmjs.org/corser/-/corser-2.0.1.tgz",
      "integrity": "sha1-jtolLsqrWEDc2XXOuQ2TcMgZ/4c="
    },
    "debug": {
      "version": "3.1.0",
      "resolved": "https://registry.npmjs.org/debug/-/debug-3.1.0.tgz",
      "integrity": "sha512-OX8XqP7/1a9cqkxYw2yXss15f26NKWBpDXQd0/uK/KPqdQhxbPa994hnzjcE2VqQpDslf55723cKPUOGSmMY3g==",
      "requires": {
        "ms": "2.0.0"
      }
    },
    "dom-serializer": {
      "version": "0.1.0",
      "resolved": "https://registry.npmjs.org/dom-serializer/-/dom-serializer-0.1.0.tgz",
      "integrity": "sha1-BzxpdUbOB4DOI75KKOKT5AvDDII=",
      "requires": {
        "domelementtype": "~1.1.1",
        "entities": "~1.1.1"
      },
      "dependencies": {
        "domelementtype": {
          "version": "1.1.3",
          "resolved": "https://registry.npmjs.org/domelementtype/-/domelementtype-1.1.3.tgz",
          "integrity": "sha1-vSh3PiZCiBrsUVRJJCmcXNgiGFs="
        }
      }
    },
    "domelementtype": {
      "version": "1.3.0",
      "resolved": "https://registry.npmjs.org/domelementtype/-/domelementtype-1.3.0.tgz",
      "integrity": "sha1-sXrtguirWeUt2cGbF1bg/BhyBMI="
    },
    "domhandler": {
      "version": "2.4.2",
      "resolved": "https://registry.npmjs.org/domhandler/-/domhandler-2.4.2.tgz",
      "integrity": "sha512-JiK04h0Ht5u/80fdLMCEmV4zkNh2BcoMFBmZ/91WtYZ8qVXSKjiw7fXMgFPnHcSZgOo3XdinHvmnDUeMf5R4wA==",
      "requires": {
        "domelementtype": "1"
      }
    },
    "domutils": {
      "version": "1.7.0",
      "resolved": "https://registry.npmjs.org/domutils/-/domutils-1.7.0.tgz",
      "integrity": "sha512-Lgd2XcJ/NjEw+7tFvfKxOzCYKZsdct5lczQ2ZaQY8Djz7pfAD3Gbp8ySJWtreII/vDlMVmxwa6pHmdxIYgttDg==",
      "requires": {
        "dom-serializer": "0",
        "domelementtype": "1"
      }
    },
    "ecstatic": {
      "version": "3.3.0",
      "resolved": "https://registry.npmjs.org/ecstatic/-/ecstatic-3.3.0.tgz",
      "integrity": "sha512-EblWYTd+wPIAMQ0U4oYJZ7QBypT9ZUIwpqli0bKDjeIIQnXDBK2dXtZ9yzRCOlkW1HkO8gn7/FxLK1yPIW17pw==",
      "requires": {
        "he": "^1.1.1",
        "mime": "^1.6.0",
        "minimist": "^1.1.0",
        "url-join": "^2.0.5"
      }
    },
    "entities": {
      "version": "1.1.1",
      "resolved": "https://registry.npmjs.org/entities/-/entities-1.1.1.tgz",
      "integrity": "sha1-blwtClYhtdra7O+AuQ7ftc13cvA="
    },
    "eventemitter3": {
      "version": "3.1.0",
      "resolved": "https://registry.npmjs.org/eventemitter3/-/eventemitter3-3.1.0.tgz",
      "integrity": "sha512-ivIvhpq/Y0uSjcHDcOIccjmYjGLcP09MFGE7ysAwkAvkXfpZlC985pH2/ui64DKazbTW/4kN3yqozUxlXzI6cA=="
    },
    "follow-redirects": {
      "version": "1.5.9",
      "resolved": "https://registry.npmjs.org/follow-redirects/-/follow-redirects-1.5.9.tgz",
      "integrity": "sha512-Bh65EZI/RU8nx0wbYF9shkFZlqLP+6WT/5FnA3cE/djNSuKNHJEinGGZgu/cQEkeeb2GdFOgenAmn8qaqYke2w==",
      "requires": {
        "debug": "=3.1.0"
      }
    },
    "fs-extra": {
      "version": "7.0.0",
      "resolved": "https://registry.npmjs.org/fs-extra/-/fs-extra-7.0.0.tgz",
      "integrity": "sha512-EglNDLRpmaTWiD/qraZn6HREAEAHJcJOmxNEYwq6xeMKnVMAy3GUcFB+wXt2C6k4CNvB/mP1y/U3dzvKKj5OtQ==",
      "requires": {
        "graceful-fs": "^4.1.2",
        "jsonfile": "^4.0.0",
        "universalify": "^0.1.0"
      }
    },
    "graceful-fs": {
      "version": "4.1.11",
      "resolved": "https://registry.npmjs.org/graceful-fs/-/graceful-fs-4.1.11.tgz",
      "integrity": "sha1-Dovf5NHduIVNZOBOp8AOKgJuVlg="
    },
    "he": {
      "version": "1.2.0",
      "resolved": "https://registry.npmjs.org/he/-/he-1.2.0.tgz",
      "integrity": "sha512-F/1DnUGPopORZi0ni+CvrCgHQ5FyEAHRLSApuYWMmrbSwoN2Mn/7k+Gl38gJnR7yyDZk6WLXwiGod1JOWNDKGw=="
    },
    "html-to-text": {
      "version": "4.0.0",
      "resolved": "https://registry.npmjs.org/html-to-text/-/html-to-text-4.0.0.tgz",
      "integrity": "sha512-QQl5EEd97h6+3crtgBhkEAO6sQnZyDff8DAeJzoSkOc1Dqe1UvTUZER0B+KjBe6fPZqq549l2VUhtracus3ndA==",
      "requires": {
        "he": "^1.0.0",
        "htmlparser2": "^3.9.2",
        "lodash": "^4.17.4",
        "optimist": "^0.6.1"
      }
    },
    "htmlparser2": {
      "version": "3.9.2",
      "resolved": "https://registry.npmjs.org/htmlparser2/-/htmlparser2-3.9.2.tgz",
      "integrity": "sha1-G9+HrMoPP55T+k/M6w9LTLsAszg=",
      "requires": {
        "domelementtype": "^1.3.0",
        "domhandler": "^2.3.0",
        "domutils": "^1.5.1",
        "entities": "^1.1.1",
        "inherits": "^2.0.1",
        "readable-stream": "^2.0.2"
      }
    },
    "http-proxy": {
      "version": "1.17.0",
      "resolved": "https://registry.npmjs.org/http-proxy/-/http-proxy-1.17.0.tgz",
      "integrity": "sha512-Taqn+3nNvYRfJ3bGvKfBSRwy1v6eePlm3oc/aWVxZp57DQr5Eq3xhKJi7Z4hZpS8PC3H4qI+Yly5EmFacGuA/g==",
      "requires": {
        "eventemitter3": "^3.0.0",
        "follow-redirects": "^1.0.0",
        "requires-port": "^1.0.0"
      }
    },
    "http-server": {
      "version": "0.11.1",
      "resolved": "https://registry.npmjs.org/http-server/-/http-server-0.11.1.tgz",
      "integrity": "sha512-6JeGDGoujJLmhjiRGlt8yK8Z9Kl0vnl/dQoQZlc4oeqaUoAKQg94NILLfrY3oWzSyFaQCVNTcKE5PZ3cH8VP9w==",
      "requires": {
        "colors": "1.0.3",
        "corser": "~2.0.0",
        "ecstatic": "^3.0.0",
        "http-proxy": "^1.8.1",
        "opener": "~1.4.0",
        "optimist": "0.6.x",
        "portfinder": "^1.0.13",
        "union": "~0.4.3"
      }
    },
    "iconv-lite": {
      "version": "0.4.24",
      "resolved": "https://registry.npmjs.org/iconv-lite/-/iconv-lite-0.4.24.tgz",
      "integrity": "sha512-v3MXnZAcvnywkTUEZomIActle7RXXeedOR31wwl7VlyoXO4Qi9arvSenNQWne1TcRwhCL1HwLI21bEqdpj8/rA==",
      "requires": {
        "safer-buffer": ">= 2.1.2 < 3"
      }
    },
    "inherits": {
      "version": "2.0.3",
      "resolved": "https://registry.npmjs.org/inherits/-/inherits-2.0.3.tgz",
      "integrity": "sha1-Yzwsg+PaQqUC9SRmAiSA9CCCYd4="
    },
    "isarray": {
      "version": "1.0.0",
      "resolved": "https://registry.npmjs.org/isarray/-/isarray-1.0.0.tgz",
      "integrity": "sha1-u5NdSFgsuhaMBoNJV6VKPgcSTxE="
    },
    "isstream": {
      "version": "0.1.2",
      "resolved": "https://registry.npmjs.org/isstream/-/isstream-0.1.2.tgz",
      "integrity": "sha1-R+Y/evVa+m+S4VAOaQ64uFKcCZo="
    },
    "jsonfile": {
      "version": "4.0.0",
      "resolved": "https://registry.npmjs.org/jsonfile/-/jsonfile-4.0.0.tgz",
      "integrity": "sha1-h3Gq4HmbZAdrdmQPygWPnBDjPss=",
      "requires": {
        "graceful-fs": "^4.1.6"
      }
    },
    "libbase64": {
      "version": "1.0.3",
      "resolved": "https://registry.npmjs.org/libbase64/-/libbase64-1.0.3.tgz",
      "integrity": "sha512-ULQZAATVGTAgVNwP61R+MbbSGNBy1tVzWupB9kbE6p+VccWd+J+ICXgOwQic5Yqagzpu+oPZ8sI7yXdWJnPPkA=="
    },
    "libmime": {
      "version": "4.0.1",
      "resolved": "https://registry.npmjs.org/libmime/-/libmime-4.0.1.tgz",
      "integrity": "sha512-mGgJLRkpkMxZZYE7ncVXokgKfi5ePrIB1H3W/Bv3GbkVnFydIHTsPrfAVW0edxalQHmFfqDMU9W45PidCLG6DA==",
      "requires": {
        "iconv-lite": "0.4.23",
        "libbase64": "1.0.3",
        "libqp": "1.1.0"
      },
      "dependencies": {
        "iconv-lite": {
          "version": "0.4.23",
          "resolved": "https://registry.npmjs.org/iconv-lite/-/iconv-lite-0.4.23.tgz",
          "integrity": "sha512-neyTUVFtahjf0mB3dZT77u+8O0QB89jFdnBkd5P1JgYPbPaia3gXXOVL2fq8VyU2gMMD7SaN7QukTB/pmXYvDA==",
          "requires": {
            "safer-buffer": ">= 2.1.2 < 3"
          }
        }
      }
    },
    "libqp": {
      "version": "1.1.0",
      "resolved": "https://registry.npmjs.org/libqp/-/libqp-1.1.0.tgz",
      "integrity": "sha1-9ebgatdLeU+1tbZpiL9yjvHe2+g="
    },
    "line-stream": {
      "version": "1.0.0",
      "resolved": "https://registry.npmjs.org/line-stream/-/line-stream-1.0.0.tgz",
      "integrity": "sha1-0+OFMXSAP9MTacDkNmywgItCrec=",
      "requires": {
        "through2": "^2.0.0"
      }
    },
    "linkify-it": {
      "version": "2.0.3",
      "resolved": "https://registry.npmjs.org/linkify-it/-/linkify-it-2.0.3.tgz",
      "integrity": "sha1-2UpGSPmxwXnWT6lykSaL22zpQ08=",
      "requires": {
        "uc.micro": "^1.0.1"
      }
    },
    "lodash": {
      "version": "4.17.11",
      "resolved": "https://registry.npmjs.org/lodash/-/lodash-4.17.11.tgz",
      "integrity": "sha512-cQKh8igo5QUhZ7lg38DYWAxMvjSAKG0A8wGSVimP07SIUEK2UO+arSRKbRZWtelMtN5V0Hkwh5ryOto/SshYIg=="
    },
    "mailparser": {
      "version": "2.3.4",
      "resolved": "https://registry.npmjs.org/mailparser/-/mailparser-2.3.4.tgz",
      "integrity": "sha512-TLukBJxMpf9q6uF/G1KILG/8GiaKBRyyz9g0vZEXCoonLNAWHM6uXxPvn6nc/cnX5C72E46vIVwQumaQWY6SeQ==",
      "requires": {
        "he": "1.1.1",
        "html-to-text": "4.0.0",
        "iconv-lite": "0.4.24",
        "libmime": "4.0.1",
        "linkify-it": "2.0.3",
        "mailsplit": "4.2.3",
        "nodemailer": "4.6.8",
        "tlds": "1.203.1"
      },
      "dependencies": {
        "he": {
          "version": "1.1.1",
          "resolved": "https://registry.npmjs.org/he/-/he-1.1.1.tgz",
          "integrity": "sha1-k0EP0hsAlzUVH4howvJx80J+I/0="
        }
      }
    },
    "mailsplit": {
      "version": "4.2.3",
      "resolved": "https://registry.npmjs.org/mailsplit/-/mailsplit-4.2.3.tgz",
      "integrity": "sha512-CUkG/oPxkEvxnabenVglfwsx5nB7lwNaL0i4kI00h870sQW8BJWamkqUqkPpDBDQYb38Y0OFmt9BIG/UWoEtxQ==",
      "requires": {
        "libbase64": "1.0.3",
        "libmime": "4.0.1",
        "libqp": "1.1.0"
      }
    },
    "mime": {
      "version": "1.6.0",
      "resolved": "https://registry.npmjs.org/mime/-/mime-1.6.0.tgz",
      "integrity": "sha512-x0Vn8spI+wuJ1O6S7gnbaQg8Pxh4NNHb7KSINmEWKiPE4RKOplvijn+NkmYmmRgP68mc70j2EbeTFRsrswaQeg=="
    },
    "minimist": {
      "version": "1.2.0",
      "resolved": "http://registry.npmjs.org/minimist/-/minimist-1.2.0.tgz",
      "integrity": "sha1-o1AIsg9BOD7sH7kU9M1d95omQoQ="
    },
    "mkdirp": {
      "version": "0.5.1",
      "resolved": "http://registry.npmjs.org/mkdirp/-/mkdirp-0.5.1.tgz",
      "integrity": "sha1-MAV0OOrGz3+MR2fzhkjWaX11yQM=",
      "requires": {
        "minimist": "0.0.8"
      },
      "dependencies": {
        "minimist": {
          "version": "0.0.8",
          "resolved": "http://registry.npmjs.org/minimist/-/minimist-0.0.8.tgz",
          "integrity": "sha1-hX/Kv8M5fSYluCKCYuhqp6ARsF0="
        }
      }
    },
    "ms": {
      "version": "2.0.0",
      "resolved": "https://registry.npmjs.org/ms/-/ms-2.0.0.tgz",
      "integrity": "sha1-VgiurfwAvmwpAd9fmGF4jeDVl8g="
    },
    "node-mbox": {
      "version": "1.0.0",
      "resolved": "https://registry.npmjs.org/node-mbox/-/node-mbox-1.0.0.tgz",
      "integrity": "sha512-184O1+2ymI7ayGBx7sIZCvQg2pLOQ7ms+YccNjI4tU/ylvnm8cBOzBsyRoT0q3K0TvIs1LODhGzRUpRmqcAozw==",
      "requires": {
        "isstream": "^0.1.2",
        "line-stream": "^1.0.0",
        "string-to-stream": "^1.1.0"
      }
    },
    "nodemailer": {
      "version": "4.6.8",
      "resolved": "https://registry.npmjs.org/nodemailer/-/nodemailer-4.6.8.tgz",
      "integrity": "sha512-A3s7EM/426OBIZbLHXq2KkgvmKbn2Xga4m4G+ZUA4IaZvG8PcZXrFh+2E4VaS2o+emhuUVRnzKN2YmpkXQ9qwA=="
    },
    "opener": {
      "version": "1.4.3",
      "resolved": "https://registry.npmjs.org/opener/-/opener-1.4.3.tgz",
      "integrity": "sha1-XG2ixdflgx6P+jlklQ+NZnSskLg="
    },
    "optimist": {
      "version": "0.6.1",
      "resolved": "https://registry.npmjs.org/optimist/-/optimist-0.6.1.tgz",
      "integrity": "sha1-2j6nRob6IaGaERwybpDrFaAZZoY=",
      "requires": {
        "minimist": "~0.0.1",
        "wordwrap": "~0.0.2"
      },
      "dependencies": {
        "minimist": {
          "version": "0.0.10",
          "resolved": "http://registry.npmjs.org/minimist/-/minimist-0.0.10.tgz",
          "integrity": "sha1-3j+YVD2/lggr5IrRoMfNqDYwHc8="
        }
      }
    },
    "path": {
      "version": "0.12.7",
      "resolved": "https://registry.npmjs.org/path/-/path-0.12.7.tgz",
      "integrity": "sha1-1NwqUGxM4hl+tIHr/NWzbAFAsQ8=",
      "requires": {
        "process": "^0.11.1",
        "util": "^0.10.3"
      }
    },
    "portfinder": {
      "version": "1.0.17",
      "resolved": "https://registry.npmjs.org/portfinder/-/portfinder-1.0.17.tgz",
      "integrity": "sha512-syFcRIRzVI1BoEFOCaAiizwDolh1S1YXSodsVhncbhjzjZQulhczNRbqnUl9N31Q4dKGOXsNDqxC2BWBgSMqeQ==",
      "requires": {
        "async": "^1.5.2",
        "debug": "^2.2.0",
        "mkdirp": "0.5.x"
      },
      "dependencies": {
        "debug": {
          "version": "2.6.9",
          "resolved": "https://registry.npmjs.org/debug/-/debug-2.6.9.tgz",
          "integrity": "sha512-bC7ElrdJaJnPbAP+1EotYvqZsb3ecl5wi6Bfi6BJTUcNowp6cvspg0jXznRTKDjm/E7AdgFBVeAPVMNcKGsHMA==",
          "requires": {
            "ms": "2.0.0"
          }
        }
      }
    },
    "process": {
      "version": "0.11.10",
      "resolved": "https://registry.npmjs.org/process/-/process-0.11.10.tgz",
      "integrity": "sha1-czIwDoQBYb2j5podHZGn1LwW8YI="
    },
    "process-nextick-args": {
      "version": "2.0.0",
      "resolved": "https://registry.npmjs.org/process-nextick-args/-/process-nextick-args-2.0.0.tgz",
      "integrity": "sha512-MtEC1TqN0EU5nephaJ4rAtThHtC86dNN9qCuEhtshvpVBkAW5ZO7BASN9REnF9eoXGcRub+pFuKEpOHE+HbEMw=="
    },
    "qs": {
      "version": "2.3.3",
      "resolved": "https://registry.npmjs.org/qs/-/qs-2.3.3.tgz",
      "integrity": "sha1-6eha2+ddoLvkyOBHaghikPhjtAQ="
    },
    "readable-stream": {
      "version": "2.3.6",
      "resolved": "http://registry.npmjs.org/readable-stream/-/readable-stream-2.3.6.tgz",
      "integrity": "sha512-tQtKA9WIAhBF3+VLAseyMqZeBjW0AHJoxOtYqSUZNJxauErmLbVm2FW1y+J/YA9dUrAC39ITejlZWhVIwawkKw==",
      "requires": {
        "core-util-is": "~1.0.0",
        "inherits": "~2.0.3",
        "isarray": "~1.0.0",
        "process-nextick-args": "~2.0.0",
        "safe-buffer": "~5.1.1",
        "string_decoder": "~1.1.1",
        "util-deprecate": "~1.0.1"
      }
    },
    "requires-port": {
      "version": "1.0.0",
      "resolved": "https://registry.npmjs.org/requires-port/-/requires-port-1.0.0.tgz",
      "integrity": "sha1-kl0mAdOaxIXgkc8NpcbmlNw9yv8="
    },
    "safe-buffer": {
      "version": "5.1.2",
      "resolved": "https://registry.npmjs.org/safe-buffer/-/safe-buffer-5.1.2.tgz",
      "integrity": "sha512-Gd2UZBJDkXlY7GbJxfsE8/nvKkUEU1G38c1siN6QP6a9PT9MmHB8GnpscSmMJSoF8LOIrt8ud/wPtojys4G6+g=="
    },
    "safer-buffer": {
      "version": "2.1.2",
      "resolved": "https://registry.npmjs.org/safer-buffer/-/safer-buffer-2.1.2.tgz",
      "integrity": "sha512-YZo3K82SD7Riyi0E1EQPojLz7kpepnSQI9IyPbHHg1XXXevb5dJI7tpyN2ADxGcQbHG7vcyRHk0cbwqcQriUtg=="
    },
    "string-to-stream": {
      "version": "1.1.1",
      "resolved": "https://registry.npmjs.org/string-to-stream/-/string-to-stream-1.1.1.tgz",
      "integrity": "sha512-QySF2+3Rwq0SdO3s7BAp4x+c3qsClpPQ6abAmb0DGViiSBAkT5kL6JT2iyzEVP+T1SmzHrQD1TwlP9QAHCc+Sw==",
      "requires": {
        "inherits": "^2.0.1",
        "readable-stream": "^2.1.0"
      }
    },
    "string_decoder": {
      "version": "1.1.1",
      "resolved": "https://registry.npmjs.org/string_decoder/-/string_decoder-1.1.1.tgz",
      "integrity": "sha512-n/ShnvDi6FHbbVfviro+WojiFzv+s8MPMHBczVePfUpDJLwoLT0ht1l4YwBCbi8pJAveEEdnkHyPyTP/mzRfwg==",
      "requires": {
        "safe-buffer": "~5.1.0"
      }
    },
    "through2": {
      "version": "2.0.3",
      "resolved": "https://registry.npmjs.org/through2/-/through2-2.0.3.tgz",
      "integrity": "sha1-AARWmzfHx0ujnEPzzteNGtlBQL4=",
      "requires": {
        "readable-stream": "^2.1.5",
        "xtend": "~4.0.1"
      }
    },
    "tlds": {
      "version": "1.203.1",
      "resolved": "https://registry.npmjs.org/tlds/-/tlds-1.203.1.tgz",
      "integrity": "sha512-7MUlYyGJ6rSitEZ3r1Q1QNV8uSIzapS8SmmhSusBuIc7uIxPPwsKllEP0GRp1NS6Ik6F+fRZvnjDWm3ecv2hDw=="
    },
    "uc.micro": {
      "version": "1.0.5",
      "resolved": "https://registry.npmjs.org/uc.micro/-/uc.micro-1.0.5.tgz",
      "integrity": "sha512-JoLI4g5zv5qNyT09f4YAvEZIIV1oOjqnewYg5D38dkQljIzpPT296dbIGvKro3digYI1bkb7W6EP1y4uDlmzLg=="
    },
    "union": {
      "version": "0.4.6",
      "resolved": "https://registry.npmjs.org/union/-/union-0.4.6.tgz",
      "integrity": "sha1-GY+9rrolTniLDvy2MLwR8kopWeA=",
      "requires": {
        "qs": "~2.3.3"
      }
    },
    "universalify": {
      "version": "0.1.2",
      "resolved": "https://registry.npmjs.org/universalify/-/universalify-0.1.2.tgz",
      "integrity": "sha512-rBJeI5CXAlmy1pV+617WB9J63U6XcazHHF2f2dbJix4XzpUF0RS3Zbj0FGIOCAva5P/d/GBOYaACQ1w+0azUkg=="
    },
    "url-join": {
      "version": "2.0.5",
      "resolved": "https://registry.npmjs.org/url-join/-/url-join-2.0.5.tgz",
      "integrity": "sha1-WvIvGMBSoACkjXuCxenC4v7tpyg="
    },
    "util": {
      "version": "0.10.4",
      "resolved": "https://registry.npmjs.org/util/-/util-0.10.4.tgz",
      "integrity": "sha512-0Pm9hTQ3se5ll1XihRic3FDIku70C+iHUdT/W926rSgHV5QgXsYbKZN8MSC3tJtSkhuROzvsQjAaFENRXr+19A==",
      "requires": {
        "inherits": "2.0.3"
      }
    },
    "util-deprecate": {
      "version": "1.0.2",
      "resolved": "https://registry.npmjs.org/util-deprecate/-/util-deprecate-1.0.2.tgz",
      "integrity": "sha1-RQ1Nyfpw3nMnYvvS1KKJgUGaDM8="
    },
    "wordwrap": {
      "version": "0.0.3",
      "resolved": "https://registry.npmjs.org/wordwrap/-/wordwrap-0.0.3.tgz",
      "integrity": "sha1-o9XabNXAvAAI03I0u68b7WMFkQc="
    },
    "xtend": {
      "version": "4.0.1",
      "resolved": "https://registry.npmjs.org/xtend/-/xtend-4.0.1.tgz",
      "integrity": "sha1-pcbVMr5lbiPbgg77lDofBJmNY68="
    }
  }
}
